<?xml version="1.0" encoding="utf-8"?>
<Project ToolsVersion="4.0" xmlns="http://schemas.microsoft.com/developer/msbuild/2003">
  <ItemGroup>
    <Filter Include="Source Files">
      <UniqueIdentifier>{4FC737F1-C7A5-4376-A066-2A32D752A2FF}</UniqueIdentifier>
      <Extensions>cpp;c;cc;cxx;c++;cppm;ixx;def;odl;idl;hpj;bat;asm;asmx</Extensions>
    </Filter>
    <Filter Include="Header Files">
      <UniqueIdentifier>{93995380-89BD-4b04-88EB-625FBE52EBFB}</UniqueIdentifier>
      <Extensions>h;hh;hpp;hxx;h++;hm;inl;inc;ipp;xsd</Extensions>
    </Filter>
    <Filter Include="Resource Files">
      <UniqueIdentifier>{67DA6AB6-F800-4c08-8B7A-83BB121AAD01}</UniqueIdentifier>
      <Extensions>rc;ico;cur;bmp;dlg;rc2;rct;bin;rgs;gif;jpg;jpeg;jpe;resx;tiff;tif;png;wav;mfcribbon-ms</Extensions>
    </Filter>
    <Filter Include="Header Files\API">
      <UniqueIdentifier>{7f8312a0-6103-4390-bb66-f1bf9ab7d796}</UniqueIdentifier>
    </Filter>
    <Filter Include="Header Files\private">
      <UniqueIdentifier>{d7121c0e-32e8-4a07-8634-0a4b34e63d29}</UniqueIdentifier>
    </Filter>
  </ItemGroup>
  <ItemGroup>
    <ClInclude Include="inc\AI.h">
      <Filter>Header Files</Filter>
    </ClInclude>
    <ClInclude Include="inc\POS.h">
      <Filter>Header Files</Filter>
    </ClInclude>
    <ClInclude Include="inc\MTH.h">
      <Filter>Header Files</Filter>
    </ClInclude>
    <ClInclude Include="inc\MMG.h">
      <Filter>Header Files</Filter>
    </ClInclude>
    <ClInclude Include="inc\JFFTXT.h">
      <Filter>Header Files</Filter>
    </ClInclude>
    <ClInclude Include="inc\HIE_EXT.h">
      <Filter>Header Files</Filter>
    </ClInclude>
    <ClInclude Include="inc\HIE.h">
      <Filter>Header Files</Filter>
    </ClInclude>
    <ClInclude Include="inc\GAM.h">
      <Filter>Header Files</Filter>
    </ClInclude>
    <ClInclude Include="inc\DNM_EXT.h">
      <Filter>Header Files</Filter>
    </ClInclude>
    <ClInclude Include="inc\DNM.h">
      <Filter>Header Files</Filter>
    </ClInclude>
    <ClInclude Include="inc\AI_EXT.h">
      <Filter>Header Files</Filter>
    </ClInclude>
    <ClInclude Include="inc\ACP_Ray2.h">
      <Filter>Header Files\API</Filter>
    </ClInclude>
    <ClInclude Include="inc\apidef.h">
      <Filter>Header Files\API</Filter>
    </ClInclude>
    <ClInclude Include="inc\private\framework.h">
      <Filter>Header Files\private</Filter>
    </ClInclude>
  </ItemGroup>
  <ItemGroup>
    <ClCompile Include="src\POS.c">
      <Filter>Source Files</Filter>
    </ClCompile>
    <ClCompile Include="src\HIE_EXT.c">
      <Filter>Source Files</Filter>
    </ClCompile>
    <ClCompile Include="src\JFFTXT.c">
      <Filter>Source Files</Filter>
    </ClCompile>
    <ClCompile Include="src\MMG.c">
      <Filter>Source Files</Filter>
    </ClCompile>
    <ClCompile Include="src\HIE.c">
      <Filter>Source Files</Filter>
    </ClCompile>
    <ClCompile Include="src\GAM.c">
      <Filter>Source Files</Filter>
    </ClCompile>
    <ClCompile Include="src\DNM_EXT.c">
      <Filter>Source Files</Filter>
    </ClCompile>
    <ClCompile Include="src\AI_EXT.c">
      <Filter>Source Files</Filter>
    </ClCompile>
    <ClCompile Include="src\AI.c">
      <Filter>Source Files</Filter>
    </ClCompile>
    <ClCompile Include="src\dllmain.c">
      <Filter>Source Files</Filter>
    </ClCompile>
  </ItemGroup>
  <ItemGroup>
    <None Include="cpp.hint" />
  </ItemGroup>
</Project>