<?xml version="1.0" encoding="utf-8"?>
<Project ToolsVersion="4.0" xmlns="http://schemas.microsoft.com/developer/msbuild/2003">
  <ItemGroup>
    <Filter Include="Source Files">
      <UniqueIdentifier>{4FC737F1-C7A5-4376-A066-2A32D752A2FF}</UniqueIdentifier>
      <Extensions>cpp;c;cc;cxx;c++;cppm;ixx;def;odl;idl;hpj;bat;asm;asmx</Extensions>
    </Filter>
    <Filter Include="Header Files">
      <UniqueIdentifier>{93995380-89BD-4b04-88EB-625FBE52EBFB}</UniqueIdentifier>
      <Extensions>h;hh;hpp;hxx;h++;hm;inl;inc;ipp;xsd</Extensions>
    </Filter>
    <Filter Include="Resource Files">
      <UniqueIdentifier>{67DA6AB6-F800-4c08-8B7A-83BB121AAD01}</UniqueIdentifier>
      <Extensions>rc;ico;cur;bmp;dlg;rc2;rct;bin;rgs;gif;jpg;jpeg;jpe;resx;tiff;tif;png;wav;mfcribbon-ms</Extensions>
    </Filter>
    <Filter Include="Header Files\API">
      <UniqueIdentifier>{7f8312a0-6103-4390-bb66-f1bf9ab7d796}</UniqueIdentifier>
    </Filter>
    <Filter Include="Header Files\private">
      <UniqueIdentifier>{d7121c0e-32e8-4a07-8634-0a4b34e63d29}</UniqueIdentifier>
    </Filter>
    <Filter Include="Source Files\private">
      <UniqueIdentifier>{98930310-a442-4e8f-84e3-beedacb1ffd6}</UniqueIdentifier>
    </Filter>
  </ItemGroup>
  <ItemGroup>
    <ClInclude Include="src\AI\AI.h">
      <Filter>Header Files</Filter>
    </ClInclude>
    <ClInclude Include="src\DNM\DNM.h">
      <Filter>Header Files</Filter>
    </ClInclude>
    <ClInclude Include="src\GAM\GAM.h">
      <Filter>Header Files</Filter>
    </ClInclude>
    <ClInclude Include="src\HIE\HIE.h">
      <Filter>Header Files</Filter>
    </ClInclude>
    <ClInclude Include="src\JFFTXT\JFFTXT.h">
      <Filter>Header Files</Filter>
    </ClInclude>
    <ClInclude Include="src\MMG\MMG.h">
      <Filter>Header Files</Filter>
    </ClInclude>
    <ClInclude Include="src\POS\POS.h">
      <Filter>Header Files</Filter>
    </ClInclude>
    <ClInclude Include="src\MTH.h">
      <Filter>Header Files</Filter>
    </ClInclude>
    <ClInclude Include="src\apidef.h">
      <Filter>Header Files\API</Filter>
    </ClInclude>
    <ClInclude Include="src\ACP_Ray2.h">
      <Filter>Header Files\API</Filter>
    </ClInclude>
    <ClInclude Include="src\DNM\DNM_Ext.h">
      <Filter>Header Files</Filter>
    </ClInclude>
    <ClInclude Include="src\AI\AI_Ext.h">
      <Filter>Header Files</Filter>
    </ClInclude>
    <ClInclude Include="src\private\framework.h">
      <Filter>Header Files\private</Filter>
    </ClInclude>
    <ClInclude Include="src\HIE\HIE_Ext.h">
      <Filter>Header Files</Filter>
    </ClInclude>
    <ClInclude Include="src\HIE\HIE_Def.h">
      <Filter>Header Files</Filter>
    </ClInclude>
    <ClInclude Include="src\AI\AI_Def.h">
      <Filter>Header Files</Filter>
    </ClInclude>
    <ClInclude Include="src\DNM\DNM_Def.h">
      <Filter>Header Files</Filter>
    </ClInclude>
    <ClInclude Include="src\GLI\GLI.h">
      <Filter>Header Files</Filter>
    </ClInclude>
    <ClInclude Include="src\SPTXT\SPTXT.h">
      <Filter>Header Files</Filter>
    </ClInclude>
    <ClInclude Include="src\SPTXT\private\SPTXT_Private.h">
      <Filter>Header Files</Filter>
    </ClInclude>
    <ClInclude Include="src\SPTXT\SPTXT_Def.h">
      <Filter>Header Files</Filter>
    </ClInclude>
    <ClInclude Include="src\ERM\ERM.h">
      <Filter>Header Files</Filter>
    </ClInclude>
    <ClInclude Include="src\TMR\TMR.h">
      <Filter>Header Files</Filter>
    </ClInclude>
    <ClInclude Include="src\GLI\GLD.h">
      <Filter>Header Files</Filter>
    </ClInclude>
    <ClInclude Include="src\FIL\FIL.h">
      <Filter>Header Files</Filter>
    </ClInclude>
    <ClInclude Include="src\HIE\HIE_StdGame.h">
      <Filter>Header Files</Filter>
    </ClInclude>
    <ClInclude Include="src\basedef.h">
      <Filter>Header Files</Filter>
    </ClInclude>
    <ClInclude Include="src\AI\AI_Const.h">
      <Filter>Header Files</Filter>
    </ClInclude>
    <ClInclude Include="src\LST.h">
      <Filter>Header Files</Filter>
    </ClInclude>
    <ClInclude Include="src\ALW\ALW.h">
      <Filter>Header Files</Filter>
    </ClInclude>
  </ItemGroup>
  <ItemGroup>
    <ClCompile Include="src\AI\AI.c">
      <Filter>Source Files</Filter>
    </ClCompile>
    <ClCompile Include="src\GAM\GAM.c">
      <Filter>Source Files</Filter>
    </ClCompile>
    <ClCompile Include="src\HIE\HIE.c">
      <Filter>Source Files</Filter>
    </ClCompile>
    <ClCompile Include="src\JFFTXT\JFFTXT.c">
      <Filter>Source Files</Filter>
    </ClCompile>
    <ClCompile Include="src\MMG\MMG.c">
      <Filter>Source Files</Filter>
    </ClCompile>
    <ClCompile Include="src\POS\POS.c">
      <Filter>Source Files</Filter>
    </ClCompile>
    <ClCompile Include="src\DNM\DNM_Ext.c">
      <Filter>Source Files</Filter>
    </ClCompile>
    <ClCompile Include="src\AI\AI_Ext.c">
      <Filter>Source Files</Filter>
    </ClCompile>
    <ClCompile Include="src\dllmain.c">
      <Filter>Source Files\private</Filter>
    </ClCompile>
    <ClCompile Include="src\HIE\HIE_Ext.c">
      <Filter>Source Files</Filter>
    </ClCompile>
    <ClCompile Include="src\GLI\GLI.c">
      <Filter>Source Files</Filter>
    </ClCompile>
    <ClCompile Include="src\SPTXT\SPTXT.c">
      <Filter>Source Files</Filter>
    </ClCompile>
    <ClCompile Include="src\SPTXT\private\SPTXT_Private.c">
      <Filter>Source Files</Filter>
    </ClCompile>
    <ClCompile Include="src\ERM\ERM.c">
      <Filter>Source Files</Filter>
    </ClCompile>
    <ClCompile Include="src\FIL\FIL.c">
      <Filter>Source Files</Filter>
    </ClCompile>
    <ClCompile Include="src\ALW\ALW.c">
      <Filter>Source Files</Filter>
    </ClCompile>
  </ItemGroup>
  <ItemGroup>
    <None Include="cpp.hint" />
  </ItemGroup>
</Project>